
Microsoft Visual Studio Solution File, Format Version 12.00
# Visual Studio Version 17
VisualStudioVersion = 17.0.32126.317
MinimumVisualStudioVersion = 10.0.40219.1
Project("{9A19103F-16F7-4668-BE54-9A1E7A4F7556}") = "WebApiMinimal", "WebApiMinimal\WebApiMinimal.csproj", "{F178F219-2F01-4039-BFD2-02688B109D17}"
EndProject
Project("{E53339B2-1760-4266-BCC7-CA923CBCF16C}") = "docker-compose", "docker-compose.dcproj", "{087EE12C-86F5-43EA-BC6B-549793A4926B}"
EndProject
Global
	GlobalSection(SolutionConfigurationPlatforms) = preSolution
		Debug|Any CPU = Debug|Any CPU
		Release|Any CPU = Release|Any CPU
	EndGlobalSection
	GlobalSection(ProjectConfigurationPlatforms) = postSolution
		{F178F219-2F01-4039-BFD2-02688B109D17}.Debug|Any CPU.ActiveCfg = Debug|Any CPU
		{F178F219-2F01-4039-BFD2-02688B109D17}.Debug|Any CPU.Build.0 = Debug|Any CPU
		{F178F219-2F01-4039-BFD2-02688B109D17}.Release|Any CPU.ActiveCfg = Release|Any CPU
		{F178F219-2F01-4039-BFD2-02688B109D17}.Release|Any CPU.Build.0 = Release|Any CPU
		{087EE12C-86F5-43EA-BC6B-549793A4926B}.Debug|Any CPU.ActiveCfg = Debug|Any CPU
		{087EE12C-86F5-43EA-BC6B-549793A4926B}.Debug|Any CPU.Build.0 = Debug|Any CPU
		{087EE12C-86F5-43EA-BC6B-549793A4926B}.Release|Any CPU.ActiveCfg = Release|Any CPU
		{087EE12C-86F5-43EA-BC6B-549793A4926B}.Release|Any CPU.Build.0 = Release|Any CPU
	EndGlobalSection
	GlobalSection(SolutionProperties) = preSolution
		HideSolutionNode = FALSE
	EndGlobalSection
	GlobalSection(ExtensibilityGlobals) = postSolution
		SolutionGuid = {54530A61-C538-4A62-BFB7-11EAE18A97AA}
	EndGlobalSection
EndGlobal
